// !$*UTF8*$!
{
	archiveVersion = 1;
	classes = {
	};
	objectVersion = 46;
	objects = {

/* Begin PBXBuildFile section */
		A003FDFA1F31E72C001CFD28 /* NSObject+YYTimeCount.m in Sources */ = {isa = PBXBuildFile; fileRef = A003FDF91F31E72C001CFD28 /* NSObject+YYTimeCount.m */; };
		A00A323E1F2CBBDB00E1B58F /* YYRuntimeTestViewController.m in Sources */ = {isa = PBXBuildFile; fileRef = A00A323D1F2CBBDB00E1B58F /* YYRuntimeTestViewController.m */; };
		A04463B31F2741D600027423 /* YYAnalyticsBusiness.m in Sources */ = {isa = PBXBuildFile; fileRef = A04463AC1F2741D600027423 /* YYAnalyticsBusiness.m */; };
		A04463B41F2741D600027423 /* YYBussinessConstants.m in Sources */ = {isa = PBXBuildFile; fileRef = A04463AE1F2741D600027423 /* YYBussinessConstants.m */; };
		A04463B51F2741D600027423 /* YYDataConfigBusiness.m in Sources */ = {isa = PBXBuildFile; fileRef = A04463B01F2741D600027423 /* YYDataConfigBusiness.m */; };
		A04463B61F2741D600027423 /* YYViewDidLoadBusiness.m in Sources */ = {isa = PBXBuildFile; fileRef = A04463B21F2741D600027423 /* YYViewDidLoadBusiness.m */; };
		A04463C81F2742F500027423 /* YYRequestConst.m in Sources */ = {isa = PBXBuildFile; fileRef = A04463BA1F2742F500027423 /* YYRequestConst.m */; };
		A04463C91F2742F500027423 /* YYTestManager.m in Sources */ = {isa = PBXBuildFile; fileRef = A04463BC1F2742F500027423 /* YYTestManager.m */; };
		A04463CA1F2742F500027423 /* YYTestService.m in Sources */ = {isa = PBXBuildFile; fileRef = A04463BE1F2742F500027423 /* YYTestService.m */; };
		A04463CB1F2742F500027423 /* YYCollectionViewCell.m in Sources */ = {isa = PBXBuildFile; fileRef = A04463C11F2742F500027423 /* YYCollectionViewCell.m */; };
		A04463CC1F2742F500027423 /* YYReuseCodeViewController.m in Sources */ = {isa = PBXBuildFile; fileRef = A04463C31F2742F500027423 /* YYReuseCodeViewController.m */; };
		A04463CD1F2742F500027423 /* YYTableViewCell.m in Sources */ = {isa = PBXBuildFile; fileRef = A04463C51F2742F500027423 /* YYTableViewCell.m */; };
		A04463CE1F2742F500027423 /* YYViewController.m in Sources */ = {isa = PBXBuildFile; fileRef = A04463C71F2742F500027423 /* YYViewController.m */; };
		A04463F01F2744F800027423 /* NSArray+YYNetwork.m in Sources */ = {isa = PBXBuildFile; fileRef = A04463D21F2744F800027423 /* NSArray+YYNetwork.m */; };
		A04463F11F2744F800027423 /* NSDictionary+YYNetwork.m in Sources */ = {isa = PBXBuildFile; fileRef = A04463D41F2744F800027423 /* NSDictionary+YYNetwork.m */; };
		A04463F21F2744F800027423 /* NSObject+YYNetwork.m in Sources */ = {isa = PBXBuildFile; fileRef = A04463D61F2744F800027423 /* NSObject+YYNetwork.m */; };
		A04463F31F2744F800027423 /* NSString+YYNetwork.m in Sources */ = {isa = PBXBuildFile; fileRef = A04463D81F2744F800027423 /* NSString+YYNetwork.m */; };
		A04463F41F2744F800027423 /* NSURLRequest+YYNetwork.m in Sources */ = {isa = PBXBuildFile; fileRef = A04463DA1F2744F800027423 /* NSURLRequest+YYNetwork.m */; };
		A04463F51F2744F800027423 /* YYBaseRequestManager.m in Sources */ = {isa = PBXBuildFile; fileRef = A04463DC1F2744F800027423 /* YYBaseRequestManager.m */; };
		A04463F61F2744F800027423 /* YYNetConfig.m in Sources */ = {isa = PBXBuildFile; fileRef = A04463DE1F2744F800027423 /* YYNetConfig.m */; };
		A04463F71F2744F800027423 /* YYRequest.m in Sources */ = {isa = PBXBuildFile; fileRef = A04463E11F2744F800027423 /* YYRequest.m */; };
		A04463F81F2744F800027423 /* YYRequestCache.m in Sources */ = {isa = PBXBuildFile; fileRef = A04463E31F2744F800027423 /* YYRequestCache.m */; };
		A04463F91F2744F800027423 /* YYRequestCacheObject.m in Sources */ = {isa = PBXBuildFile; fileRef = A04463E51F2744F800027423 /* YYRequestCacheObject.m */; };
		A04463FA1F2744F800027423 /* YYRequestLogger.m in Sources */ = {isa = PBXBuildFile; fileRef = A04463E71F2744F800027423 /* YYRequestLogger.m */; };
		A04463FB1F2744F800027423 /* YYRequestProxy.m in Sources */ = {isa = PBXBuildFile; fileRef = A04463E91F2744F800027423 /* YYRequestProxy.m */; };
		A04463FC1F2744F800027423 /* YYResponse.m in Sources */ = {isa = PBXBuildFile; fileRef = A04463EB1F2744F800027423 /* YYResponse.m */; };
		A04463FD1F2744F800027423 /* YYService.m in Sources */ = {isa = PBXBuildFile; fileRef = A04463ED1F2744F800027423 /* YYService.m */; };
		A04463FE1F2744F800027423 /* YYServiceFactory.m in Sources */ = {isa = PBXBuildFile; fileRef = A04463EF1F2744F800027423 /* YYServiceFactory.m */; };
		A044640E1F2745B100027423 /* NSString+MD5_Base64.m in Sources */ = {isa = PBXBuildFile; fileRef = A04464011F2745B100027423 /* NSString+MD5_Base64.m */; };
		A044640F1F2745B100027423 /* NSString+YYAES128.m in Sources */ = {isa = PBXBuildFile; fileRef = A04464031F2745B100027423 /* NSString+YYAES128.m */; };
		A04464101F2745B100027423 /* NSString+YYBase64.m in Sources */ = {isa = PBXBuildFile; fileRef = A04464051F2745B100027423 /* NSString+YYBase64.m */; };
		A04464111F2745B100027423 /* NSString+YYDES.m in Sources */ = {isa = PBXBuildFile; fileRef = A04464071F2745B100027423 /* NSString+YYDES.m */; };
		A04464121F2745B100027423 /* NSString+YYMD5.m in Sources */ = {isa = PBXBuildFile; fileRef = A04464091F2745B100027423 /* NSString+YYMD5.m */; };
		A04464131F2745B100027423 /* NSString+YYSHA1.m in Sources */ = {isa = PBXBuildFile; fileRef = A044640B1F2745B100027423 /* NSString+YYSHA1.m */; };
		A04464141F2745B100027423 /* YYRSA.m in Sources */ = {isa = PBXBuildFile; fileRef = A044640D1F2745B100027423 /* YYRSA.m */; };
		A044641D1F2749F900027423 /* NSString+YYRandomString.m in Sources */ = {isa = PBXBuildFile; fileRef = A04464191F2749F900027423 /* NSString+YYRandomString.m */; };
		A044641E1F2749F900027423 /* YYTimeHandle.m in Sources */ = {isa = PBXBuildFile; fileRef = A044641B1F2749F900027423 /* YYTimeHandle.m */; };
		A04464301F274B3B00027423 /* NSString+YYDevice.m in Sources */ = {isa = PBXBuildFile; fileRef = A04464271F274B3B00027423 /* NSString+YYDevice.m */; };
		A04464311F274B3B00027423 /* NSString+YYEmpty.m in Sources */ = {isa = PBXBuildFile; fileRef = A04464291F274B3B00027423 /* NSString+YYEmpty.m */; };
		A04464321F274B3B00027423 /* AppDelegate+YYLoadSomething.m in Sources */ = {isa = PBXBuildFile; fileRef = A044642C1F274B3B00027423 /* AppDelegate+YYLoadSomething.m */; };
		A04464331F274B3B00027423 /* UIButton+YYAddProperty.m in Sources */ = {isa = PBXBuildFile; fileRef = A044642E1F274B3B00027423 /* UIButton+YYAddProperty.m */; };
		A04464391F2879BE00027423 /* YYRequestTestViewController.m in Sources */ = {isa = PBXBuildFile; fileRef = A04464381F2879BE00027423 /* YYRequestTestViewController.m */; };
		A08E59DC1F2F814600163EE8 /* FirstViewController.swift in Sources */ = {isa = PBXBuildFile; fileRef = A08E59DB1F2F814600163EE8 /* FirstViewController.swift */; };
		A08E59DE1F2F81E100163EE8 /* ExampleProtocol.swift in Sources */ = {isa = PBXBuildFile; fileRef = A08E59DD1F2F81E100163EE8 /* ExampleProtocol.swift */; };
		A08E59E01F2F820400163EE8 /* SecondViewController.swift in Sources */ = {isa = PBXBuildFile; fileRef = A08E59DF1F2F820400163EE8 /* SecondViewController.swift */; };
		A08E59E61F2F885C00163EE8 /* YYControllerConvert.m in Sources */ = {isa = PBXBuildFile; fileRef = A08E59E51F2F885C00163EE8 /* YYControllerConvert.m */; };
		A0A3DAF91F3026D700E1459B /* YYComponentCenter.m in Sources */ = {isa = PBXBuildFile; fileRef = A0A3DAF81F3026D700E1459B /* YYComponentCenter.m */; };
		A0A3DAFF1F3032A600E1459B /* YYDetailViewController.m in Sources */ = {isa = PBXBuildFile; fileRef = A0A3DAFE1F3032A600E1459B /* YYDetailViewController.m */; };
		A0A3DB021F3032BB00E1459B /* Target_Detail.m in Sources */ = {isa = PBXBuildFile; fileRef = A0A3DB011F3032BB00E1459B /* Target_Detail.m */; };
		A0A3DB091F30351300E1459B /* YYComponentCenter+YYMethodDefinedForDetail.m in Sources */ = {isa = PBXBuildFile; fileRef = A0A3DB081F30351300E1459B /* YYComponentCenter+YYMethodDefinedForDetail.m */; };
		A0A3DB0C1F30C25500E1459B /* UIImage+YYChangePictureColor.m in Sources */ = {isa = PBXBuildFile; fileRef = A0A3DB0B1F30C25500E1459B /* UIImage+YYChangePictureColor.m */; };
		A0BA62E41F2ADDEF0038940C /* NSString+YYSHA256.m in Sources */ = {isa = PBXBuildFile; fileRef = A0BA62E31F2ADDEF0038940C /* NSString+YYSHA256.m */; };
		A0BA62E71F2AE8360038940C /* NSString+YYAES256.m in Sources */ = {isa = PBXBuildFile; fileRef = A0BA62E61F2AE8360038940C /* NSString+YYAES256.m */; };
		A0BA62EA1F2AF02C0038940C /* YYEncryptTestViewController.m in Sources */ = {isa = PBXBuildFile; fileRef = A0BA62E91F2AF02C0038940C /* YYEncryptTestViewController.m */; };
		A0BA62F01F2AF9320038940C /* pkcs8_private_key.pem in Resources */ = {isa = PBXBuildFile; fileRef = A0BA62EC1F2AF9320038940C /* pkcs8_private_key.pem */; };
		A0BA62F11F2AF9320038940C /* private_key.p12 in Resources */ = {isa = PBXBuildFile; fileRef = A0BA62ED1F2AF9320038940C /* private_key.p12 */; };
		A0BA62F21F2AF9320038940C /* public_key.der in Resources */ = {isa = PBXBuildFile; fileRef = A0BA62EE1F2AF9320038940C /* public_key.der */; };
		A0BA62F31F2AF9320038940C /* rsa_public_key.pem in Resources */ = {isa = PBXBuildFile; fileRef = A0BA62EF1F2AF9320038940C /* rsa_public_key.pem */; };
		A0D513C51F1CB5A300B1BB56 /* main.m in Sources */ = {isa = PBXBuildFile; fileRef = A0D513C41F1CB5A300B1BB56 /* main.m */; };
		A0D513C81F1CB5A300B1BB56 /* AppDelegate.m in Sources */ = {isa = PBXBuildFile; fileRef = A0D513C71F1CB5A300B1BB56 /* AppDelegate.m */; };
		A0D513CE1F1CB5A300B1BB56 /* Main.storyboard in Resources */ = {isa = PBXBuildFile; fileRef = A0D513CC1F1CB5A300B1BB56 /* Main.storyboard */; };
		A0D513D01F1CB5A300B1BB56 /* Assets.xcassets in Resources */ = {isa = PBXBuildFile; fileRef = A0D513CF1F1CB5A300B1BB56 /* Assets.xcassets */; };
		A0D513D31F1CB5A400B1BB56 /* LaunchScreen.storyboard in Resources */ = {isa = PBXBuildFile; fileRef = A0D513D11F1CB5A400B1BB56 /* LaunchScreen.storyboard */; };
		A0D513DE1F1CB5A400B1BB56 /* YYProjectNewTests.m in Sources */ = {isa = PBXBuildFile; fileRef = A0D513DD1F1CB5A400B1BB56 /* YYProjectNewTests.m */; };
		A0D513E91F1CB5A400B1BB56 /* YYProjectNewUITests.m in Sources */ = {isa = PBXBuildFile; fileRef = A0D513E81F1CB5A400B1BB56 /* YYProjectNewUITests.m */; };
		D06A3E1B04C86F0E66FED62C /* Pods_YYProjectNew.framework in Frameworks */ = {isa = PBXBuildFile; fileRef = 9CAD7B230DA1D39D414ED366 /* Pods_YYProjectNew.framework */; };
/* End PBXBuildFile section */

/* Begin PBXContainerItemProxy section */
		A0D513DA1F1CB5A400B1BB56 /* PBXContainerItemProxy */ = {
			isa = PBXContainerItemProxy;
			containerPortal = A0D513B81F1CB5A300B1BB56 /* Project object */;
			proxyType = 1;
			remoteGlobalIDString = A0D513BF1F1CB5A300B1BB56;
			remoteInfo = YYProjectNew;
		};
		A0D513E51F1CB5A400B1BB56 /* PBXContainerItemProxy */ = {
			isa = PBXContainerItemProxy;
			containerPortal = A0D513B81F1CB5A300B1BB56 /* Project object */;
			proxyType = 1;
			remoteGlobalIDString = A0D513BF1F1CB5A300B1BB56;
			remoteInfo = YYProjectNew;
		};
/* End PBXContainerItemProxy section */

/* Begin PBXFileReference section */
		43A699B2CB370013AA529E7B /* Pods-YYProjectNew.release.xcconfig */ = {isa = PBXFileReference; includeInIndex = 1; lastKnownFileType = text.xcconfig; name = "Pods-YYProjectNew.release.xcconfig"; path = "Pods/Target Support Files/Pods-YYProjectNew/Pods-YYProjectNew.release.xcconfig"; sourceTree = "<group>"; };
		831CC53A1E15B5278CDC538E /* Pods-YYProjectNew.debug.xcconfig */ = {isa = PBXFileReference; includeInIndex = 1; lastKnownFileType = text.xcconfig; name = "Pods-YYProjectNew.debug.xcconfig"; path = "Pods/Target Support Files/Pods-YYProjectNew/Pods-YYProjectNew.debug.xcconfig"; sourceTree = "<group>"; };
		9CAD7B230DA1D39D414ED366 /* Pods_YYProjectNew.framework */ = {isa = PBXFileReference; explicitFileType = wrapper.framework; includeInIndex = 0; path = Pods_YYProjectNew.framework; sourceTree = BUILT_PRODUCTS_DIR; };
		A003FDF81F31E72C001CFD28 /* NSObject+YYTimeCount.h */ = {isa = PBXFileReference; fileEncoding = 4; lastKnownFileType = sourcecode.c.h; path = "NSObject+YYTimeCount.h"; sourceTree = "<group>"; };
		A003FDF91F31E72C001CFD28 /* NSObject+YYTimeCount.m */ = {isa = PBXFileReference; fileEncoding = 4; lastKnownFileType = sourcecode.c.objc; path = "NSObject+YYTimeCount.m"; sourceTree = "<group>"; };
		A00A323C1F2CBBDB00E1B58F /* YYRuntimeTestViewController.h */ = {isa = PBXFileReference; fileEncoding = 4; lastKnownFileType = sourcecode.c.h; path = YYRuntimeTestViewController.h; sourceTree = "<group>"; };
		A00A323D1F2CBBDB00E1B58F /* YYRuntimeTestViewController.m */ = {isa = PBXFileReference; fileEncoding = 4; lastKnownFileType = sourcecode.c.objc; path = YYRuntimeTestViewController.m; sourceTree = "<group>"; };
		A04463AB1F2741D600027423 /* YYAnalyticsBusiness.h */ = {isa = PBXFileReference; fileEncoding = 4; lastKnownFileType = sourcecode.c.h; path = YYAnalyticsBusiness.h; sourceTree = "<group>"; };
		A04463AC1F2741D600027423 /* YYAnalyticsBusiness.m */ = {isa = PBXFileReference; fileEncoding = 4; lastKnownFileType = sourcecode.c.objc; path = YYAnalyticsBusiness.m; sourceTree = "<group>"; };
		A04463AD1F2741D600027423 /* YYBussinessConstants.h */ = {isa = PBXFileReference; fileEncoding = 4; lastKnownFileType = sourcecode.c.h; path = YYBussinessConstants.h; sourceTree = "<group>"; };
		A04463AE1F2741D600027423 /* YYBussinessConstants.m */ = {isa = PBXFileReference; fileEncoding = 4; lastKnownFileType = sourcecode.c.objc; path = YYBussinessConstants.m; sourceTree = "<group>"; };
		A04463AF1F2741D600027423 /* YYDataConfigBusiness.h */ = {isa = PBXFileReference; fileEncoding = 4; lastKnownFileType = sourcecode.c.h; path = YYDataConfigBusiness.h; sourceTree = "<group>"; };
		A04463B01F2741D600027423 /* YYDataConfigBusiness.m */ = {isa = PBXFileReference; fileEncoding = 4; lastKnownFileType = sourcecode.c.objc; path = YYDataConfigBusiness.m; sourceTree = "<group>"; };
		A04463B11F2741D600027423 /* YYViewDidLoadBusiness.h */ = {isa = PBXFileReference; fileEncoding = 4; lastKnownFileType = sourcecode.c.h; path = YYViewDidLoadBusiness.h; sourceTree = "<group>"; };
		A04463B21F2741D600027423 /* YYViewDidLoadBusiness.m */ = {isa = PBXFileReference; fileEncoding = 4; lastKnownFileType = sourcecode.c.objc; path = YYViewDidLoadBusiness.m; sourceTree = "<group>"; };
		A04463B91F2742F500027423 /* YYRequestConst.h */ = {isa = PBXFileReference; fileEncoding = 4; lastKnownFileType = sourcecode.c.h; path = YYRequestConst.h; sourceTree = "<group>"; };
		A04463BA1F2742F500027423 /* YYRequestConst.m */ = {isa = PBXFileReference; fileEncoding = 4; lastKnownFileType = sourcecode.c.objc; path = YYRequestConst.m; sourceTree = "<group>"; };
		A04463BB1F2742F500027423 /* YYTestManager.h */ = {isa = PBXFileReference; fileEncoding = 4; lastKnownFileType = sourcecode.c.h; path = YYTestManager.h; sourceTree = "<group>"; };
		A04463BC1F2742F500027423 /* YYTestManager.m */ = {isa = PBXFileReference; fileEncoding = 4; lastKnownFileType = sourcecode.c.objc; path = YYTestManager.m; sourceTree = "<group>"; };
		A04463BD1F2742F500027423 /* YYTestService.h */ = {isa = PBXFileReference; fileEncoding = 4; lastKnownFileType = sourcecode.c.h; path = YYTestService.h; sourceTree = "<group>"; };
		A04463BE1F2742F500027423 /* YYTestService.m */ = {isa = PBXFileReference; fileEncoding = 4; lastKnownFileType = sourcecode.c.objc; path = YYTestService.m; sourceTree = "<group>"; };
		A04463C01F2742F500027423 /* YYCollectionViewCell.h */ = {isa = PBXFileReference; fileEncoding = 4; lastKnownFileType = sourcecode.c.h; path = YYCollectionViewCell.h; sourceTree = "<group>"; };
		A04463C11F2742F500027423 /* YYCollectionViewCell.m */ = {isa = PBXFileReference; fileEncoding = 4; lastKnownFileType = sourcecode.c.objc; path = YYCollectionViewCell.m; sourceTree = "<group>"; };
		A04463C21F2742F500027423 /* YYReuseCodeViewController.h */ = {isa = PBXFileReference; fileEncoding = 4; lastKnownFileType = sourcecode.c.h; path = YYReuseCodeViewController.h; sourceTree = "<group>"; };
		A04463C31F2742F500027423 /* YYReuseCodeViewController.m */ = {isa = PBXFileReference; fileEncoding = 4; lastKnownFileType = sourcecode.c.objc; path = YYReuseCodeViewController.m; sourceTree = "<group>"; };
		A04463C41F2742F500027423 /* YYTableViewCell.h */ = {isa = PBXFileReference; fileEncoding = 4; lastKnownFileType = sourcecode.c.h; path = YYTableViewCell.h; sourceTree = "<group>"; };
		A04463C51F2742F500027423 /* YYTableViewCell.m */ = {isa = PBXFileReference; fileEncoding = 4; lastKnownFileType = sourcecode.c.objc; path = YYTableViewCell.m; sourceTree = "<group>"; };
		A04463C61F2742F500027423 /* YYViewController.h */ = {isa = PBXFileReference; fileEncoding = 4; lastKnownFileType = sourcecode.c.h; name = YYViewController.h; path = Module/ReuseCode/YYViewController.h; sourceTree = "<group>"; };
		A04463C71F2742F500027423 /* YYViewController.m */ = {isa = PBXFileReference; fileEncoding = 4; lastKnownFileType = sourcecode.c.objc; name = YYViewController.m; path = Module/ReuseCode/YYViewController.m; sourceTree = "<group>"; };
		A04463D11F2744F800027423 /* NSArray+YYNetwork.h */ = {isa = PBXFileReference; fileEncoding = 4; lastKnownFileType = sourcecode.c.h; path = "NSArray+YYNetwork.h"; sourceTree = "<group>"; };
		A04463D21F2744F800027423 /* NSArray+YYNetwork.m */ = {isa = PBXFileReference; fileEncoding = 4; lastKnownFileType = sourcecode.c.objc; path = "NSArray+YYNetwork.m"; sourceTree = "<group>"; };
		A04463D31F2744F800027423 /* NSDictionary+YYNetwork.h */ = {isa = PBXFileReference; fileEncoding = 4; lastKnownFileType = sourcecode.c.h; path = "NSDictionary+YYNetwork.h"; sourceTree = "<group>"; };
		A04463D41F2744F800027423 /* NSDictionary+YYNetwork.m */ = {isa = PBXFileReference; fileEncoding = 4; lastKnownFileType = sourcecode.c.objc; path = "NSDictionary+YYNetwork.m"; sourceTree = "<group>"; };
		A04463D51F2744F800027423 /* NSObject+YYNetwork.h */ = {isa = PBXFileReference; fileEncoding = 4; lastKnownFileType = sourcecode.c.h; path = "NSObject+YYNetwork.h"; sourceTree = "<group>"; };
		A04463D61F2744F800027423 /* NSObject+YYNetwork.m */ = {isa = PBXFileReference; fileEncoding = 4; lastKnownFileType = sourcecode.c.objc; path = "NSObject+YYNetwork.m"; sourceTree = "<group>"; };
		A04463D71F2744F800027423 /* NSString+YYNetwork.h */ = {isa = PBXFileReference; fileEncoding = 4; lastKnownFileType = sourcecode.c.h; path = "NSString+YYNetwork.h"; sourceTree = "<group>"; };
		A04463D81F2744F800027423 /* NSString+YYNetwork.m */ = {isa = PBXFileReference; fileEncoding = 4; lastKnownFileType = sourcecode.c.objc; path = "NSString+YYNetwork.m"; sourceTree = "<group>"; };
		A04463D91F2744F800027423 /* NSURLRequest+YYNetwork.h */ = {isa = PBXFileReference; fileEncoding = 4; lastKnownFileType = sourcecode.c.h; path = "NSURLRequest+YYNetwork.h"; sourceTree = "<group>"; };
		A04463DA1F2744F800027423 /* NSURLRequest+YYNetwork.m */ = {isa = PBXFileReference; fileEncoding = 4; lastKnownFileType = sourcecode.c.objc; path = "NSURLRequest+YYNetwork.m"; sourceTree = "<group>"; };
		A04463DB1F2744F800027423 /* YYBaseRequestManager.h */ = {isa = PBXFileReference; fileEncoding = 4; lastKnownFileType = sourcecode.c.h; path = YYBaseRequestManager.h; sourceTree = "<group>"; };
		A04463DC1F2744F800027423 /* YYBaseRequestManager.m */ = {isa = PBXFileReference; fileEncoding = 4; lastKnownFileType = sourcecode.c.objc; path = YYBaseRequestManager.m; sourceTree = "<group>"; };
		A04463DD1F2744F800027423 /* YYNetConfig.h */ = {isa = PBXFileReference; fileEncoding = 4; lastKnownFileType = sourcecode.c.h; path = YYNetConfig.h; sourceTree = "<group>"; };
		A04463DE1F2744F800027423 /* YYNetConfig.m */ = {isa = PBXFileReference; fileEncoding = 4; lastKnownFileType = sourcecode.c.objc; path = YYNetConfig.m; sourceTree = "<group>"; };
		A04463DF1F2744F800027423 /* YYNetwork.h */ = {isa = PBXFileReference; fileEncoding = 4; lastKnownFileType = sourcecode.c.h; path = YYNetwork.h; sourceTree = "<group>"; };
		A04463E01F2744F800027423 /* YYRequest.h */ = {isa = PBXFileReference; fileEncoding = 4; lastKnownFileType = sourcecode.c.h; path = YYRequest.h; sourceTree = "<group>"; };
		A04463E11F2744F800027423 /* YYRequest.m */ = {isa = PBXFileReference; fileEncoding = 4; lastKnownFileType = sourcecode.c.objc; path = YYRequest.m; sourceTree = "<group>"; };
		A04463E21F2744F800027423 /* YYRequestCache.h */ = {isa = PBXFileReference; fileEncoding = 4; lastKnownFileType = sourcecode.c.h; path = YYRequestCache.h; sourceTree = "<group>"; };
		A04463E31F2744F800027423 /* YYRequestCache.m */ = {isa = PBXFileReference; fileEncoding = 4; lastKnownFileType = sourcecode.c.objc; path = YYRequestCache.m; sourceTree = "<group>"; };
		A04463E41F2744F800027423 /* YYRequestCacheObject.h */ = {isa = PBXFileReference; fileEncoding = 4; lastKnownFileType = sourcecode.c.h; path = YYRequestCacheObject.h; sourceTree = "<group>"; };
		A04463E51F2744F800027423 /* YYRequestCacheObject.m */ = {isa = PBXFileReference; fileEncoding = 4; lastKnownFileType = sourcecode.c.objc; path = YYRequestCacheObject.m; sourceTree = "<group>"; };
		A04463E61F2744F800027423 /* YYRequestLogger.h */ = {isa = PBXFileReference; fileEncoding = 4; lastKnownFileType = sourcecode.c.h; path = YYRequestLogger.h; sourceTree = "<group>"; };
		A04463E71F2744F800027423 /* YYRequestLogger.m */ = {isa = PBXFileReference; fileEncoding = 4; lastKnownFileType = sourcecode.c.objc; path = YYRequestLogger.m; sourceTree = "<group>"; };
		A04463E81F2744F800027423 /* YYRequestProxy.h */ = {isa = PBXFileReference; fileEncoding = 4; lastKnownFileType = sourcecode.c.h; path = YYRequestProxy.h; sourceTree = "<group>"; };
		A04463E91F2744F800027423 /* YYRequestProxy.m */ = {isa = PBXFileReference; fileEncoding = 4; lastKnownFileType = sourcecode.c.objc; path = YYRequestProxy.m; sourceTree = "<group>"; };
		A04463EA1F2744F800027423 /* YYResponse.h */ = {isa = PBXFileReference; fileEncoding = 4; lastKnownFileType = sourcecode.c.h; path = YYResponse.h; sourceTree = "<group>"; };
		A04463EB1F2744F800027423 /* YYResponse.m */ = {isa = PBXFileReference; fileEncoding = 4; lastKnownFileType = sourcecode.c.objc; path = YYResponse.m; sourceTree = "<group>"; };
		A04463EC1F2744F800027423 /* YYService.h */ = {isa = PBXFileReference; fileEncoding = 4; lastKnownFileType = sourcecode.c.h; path = YYService.h; sourceTree = "<group>"; };
		A04463ED1F2744F800027423 /* YYService.m */ = {isa = PBXFileReference; fileEncoding = 4; lastKnownFileType = sourcecode.c.objc; path = YYService.m; sourceTree = "<group>"; };
		A04463EE1F2744F800027423 /* YYServiceFactory.h */ = {isa = PBXFileReference; fileEncoding = 4; lastKnownFileType = sourcecode.c.h; path = YYServiceFactory.h; sourceTree = "<group>"; };
		A04463EF1F2744F800027423 /* YYServiceFactory.m */ = {isa = PBXFileReference; fileEncoding = 4; lastKnownFileType = sourcecode.c.objc; path = YYServiceFactory.m; sourceTree = "<group>"; };
		A04464001F2745B100027423 /* NSString+MD5_Base64.h */ = {isa = PBXFileReference; fileEncoding = 4; lastKnownFileType = sourcecode.c.h; path = "NSString+MD5_Base64.h"; sourceTree = "<group>"; };
		A04464011F2745B100027423 /* NSString+MD5_Base64.m */ = {isa = PBXFileReference; fileEncoding = 4; lastKnownFileType = sourcecode.c.objc; path = "NSString+MD5_Base64.m"; sourceTree = "<group>"; };
		A04464021F2745B100027423 /* NSString+YYAES128.h */ = {isa = PBXFileReference; fileEncoding = 4; lastKnownFileType = sourcecode.c.h; path = "NSString+YYAES128.h"; sourceTree = "<group>"; };
		A04464031F2745B100027423 /* NSString+YYAES128.m */ = {isa = PBXFileReference; fileEncoding = 4; lastKnownFileType = sourcecode.c.objc; path = "NSString+YYAES128.m"; sourceTree = "<group>"; };
		A04464041F2745B100027423 /* NSString+YYBase64.h */ = {isa = PBXFileReference; fileEncoding = 4; lastKnownFileType = sourcecode.c.h; path = "NSString+YYBase64.h"; sourceTree = "<group>"; };
		A04464051F2745B100027423 /* NSString+YYBase64.m */ = {isa = PBXFileReference; fileEncoding = 4; lastKnownFileType = sourcecode.c.objc; path = "NSString+YYBase64.m"; sourceTree = "<group>"; };
		A04464061F2745B100027423 /* NSString+YYDES.h */ = {isa = PBXFileReference; fileEncoding = 4; lastKnownFileType = sourcecode.c.h; path = "NSString+YYDES.h"; sourceTree = "<group>"; };
		A04464071F2745B100027423 /* NSString+YYDES.m */ = {isa = PBXFileReference; fileEncoding = 4; lastKnownFileType = sourcecode.c.objc; path = "NSString+YYDES.m"; sourceTree = "<group>"; };
		A04464081F2745B100027423 /* NSString+YYMD5.h */ = {isa = PBXFileReference; fileEncoding = 4; lastKnownFileType = sourcecode.c.h; path = "NSString+YYMD5.h"; sourceTree = "<group>"; };
		A04464091F2745B100027423 /* NSString+YYMD5.m */ = {isa = PBXFileReference; fileEncoding = 4; lastKnownFileType = sourcecode.c.objc; path = "NSString+YYMD5.m"; sourceTree = "<group>"; };
		A044640A1F2745B100027423 /* NSString+YYSHA1.h */ = {isa = PBXFileReference; fileEncoding = 4; lastKnownFileType = sourcecode.c.h; path = "NSString+YYSHA1.h"; sourceTree = "<group>"; };
		A044640B1F2745B100027423 /* NSString+YYSHA1.m */ = {isa = PBXFileReference; fileEncoding = 4; lastKnownFileType = sourcecode.c.objc; path = "NSString+YYSHA1.m"; sourceTree = "<group>"; };
		A044640C1F2745B100027423 /* YYRSA.h */ = {isa = PBXFileReference; fileEncoding = 4; lastKnownFileType = sourcecode.c.h; path = YYRSA.h; sourceTree = "<group>"; };
		A044640D1F2745B100027423 /* YYRSA.m */ = {isa = PBXFileReference; fileEncoding = 4; lastKnownFileType = sourcecode.c.objc; path = YYRSA.m; sourceTree = "<group>"; };
		A04464181F2749F900027423 /* NSString+YYRandomString.h */ = {isa = PBXFileReference; fileEncoding = 4; lastKnownFileType = sourcecode.c.h; path = "NSString+YYRandomString.h"; sourceTree = "<group>"; };
		A04464191F2749F900027423 /* NSString+YYRandomString.m */ = {isa = PBXFileReference; fileEncoding = 4; lastKnownFileType = sourcecode.c.objc; path = "NSString+YYRandomString.m"; sourceTree = "<group>"; };
		A044641A1F2749F900027423 /* YYTimeHandle.h */ = {isa = PBXFileReference; fileEncoding = 4; lastKnownFileType = sourcecode.c.h; path = YYTimeHandle.h; sourceTree = "<group>"; };
		A044641B1F2749F900027423 /* YYTimeHandle.m */ = {isa = PBXFileReference; fileEncoding = 4; lastKnownFileType = sourcecode.c.objc; path = YYTimeHandle.m; sourceTree = "<group>"; };
		A04464201F274AB300027423 /* YYDataConfigProtocol.h */ = {isa = PBXFileReference; fileEncoding = 4; lastKnownFileType = sourcecode.c.h; path = YYDataConfigProtocol.h; sourceTree = "<group>"; };
		A04464211F274AB300027423 /* YYLifeCycleProtocol.h */ = {isa = PBXFileReference; fileEncoding = 4; lastKnownFileType = sourcecode.c.h; path = YYLifeCycleProtocol.h; sourceTree = "<group>"; };
		A04464261F274B3B00027423 /* NSString+YYDevice.h */ = {isa = PBXFileReference; fileEncoding = 4; lastKnownFileType = sourcecode.c.h; path = "NSString+YYDevice.h"; sourceTree = "<group>"; };
		A04464271F274B3B00027423 /* NSString+YYDevice.m */ = {isa = PBXFileReference; fileEncoding = 4; lastKnownFileType = sourcecode.c.objc; path = "NSString+YYDevice.m"; sourceTree = "<group>"; };
		A04464281F274B3B00027423 /* NSString+YYEmpty.h */ = {isa = PBXFileReference; fileEncoding = 4; lastKnownFileType = sourcecode.c.h; path = "NSString+YYEmpty.h"; sourceTree = "<group>"; };
		A04464291F274B3B00027423 /* NSString+YYEmpty.m */ = {isa = PBXFileReference; fileEncoding = 4; lastKnownFileType = sourcecode.c.objc; path = "NSString+YYEmpty.m"; sourceTree = "<group>"; };
		A044642B1F274B3B00027423 /* AppDelegate+YYLoadSomething.h */ = {isa = PBXFileReference; fileEncoding = 4; lastKnownFileType = sourcecode.c.h; path = "AppDelegate+YYLoadSomething.h"; sourceTree = "<group>"; };
		A044642C1F274B3B00027423 /* AppDelegate+YYLoadSomething.m */ = {isa = PBXFileReference; fileEncoding = 4; lastKnownFileType = sourcecode.c.objc; path = "AppDelegate+YYLoadSomething.m"; sourceTree = "<group>"; };
		A044642D1F274B3B00027423 /* UIButton+YYAddProperty.h */ = {isa = PBXFileReference; fileEncoding = 4; lastKnownFileType = sourcecode.c.h; path = "UIButton+YYAddProperty.h"; sourceTree = "<group>"; };
		A044642E1F274B3B00027423 /* UIButton+YYAddProperty.m */ = {isa = PBXFileReference; fileEncoding = 4; lastKnownFileType = sourcecode.c.objc; path = "UIButton+YYAddProperty.m"; sourceTree = "<group>"; };
		A04464371F2879BE00027423 /* YYRequestTestViewController.h */ = {isa = PBXFileReference; fileEncoding = 4; lastKnownFileType = sourcecode.c.h; path = YYRequestTestViewController.h; sourceTree = "<group>"; };
		A04464381F2879BE00027423 /* YYRequestTestViewController.m */ = {isa = PBXFileReference; fileEncoding = 4; lastKnownFileType = sourcecode.c.objc; path = YYRequestTestViewController.m; sourceTree = "<group>"; };
		A08E59DA1F2F814500163EE8 /* YYProjectNew-Bridging-Header.h */ = {isa = PBXFileReference; lastKnownFileType = sourcecode.c.h; path = "YYProjectNew-Bridging-Header.h"; sourceTree = "<group>"; };
		A08E59DB1F2F814600163EE8 /* FirstViewController.swift */ = {isa = PBXFileReference; fileEncoding = 4; lastKnownFileType = sourcecode.swift; path = FirstViewController.swift; sourceTree = "<group>"; };
		A08E59DD1F2F81E100163EE8 /* ExampleProtocol.swift */ = {isa = PBXFileReference; fileEncoding = 4; lastKnownFileType = sourcecode.swift; path = ExampleProtocol.swift; sourceTree = "<group>"; };
		A08E59DF1F2F820400163EE8 /* SecondViewController.swift */ = {isa = PBXFileReference; fileEncoding = 4; lastKnownFileType = sourcecode.swift; path = SecondViewController.swift; sourceTree = "<group>"; };
		A08E59E41F2F885C00163EE8 /* YYControllerConvert.h */ = {isa = PBXFileReference; fileEncoding = 4; lastKnownFileType = sourcecode.c.h; path = YYControllerConvert.h; sourceTree = "<group>"; };
		A08E59E51F2F885C00163EE8 /* YYControllerConvert.m */ = {isa = PBXFileReference; fileEncoding = 4; lastKnownFileType = sourcecode.c.objc; path = YYControllerConvert.m; sourceTree = "<group>"; };
		A0A3DAF71F3026D700E1459B /* YYComponentCenter.h */ = {isa = PBXFileReference; fileEncoding = 4; lastKnownFileType = sourcecode.c.h; path = YYComponentCenter.h; sourceTree = "<group>"; };
		A0A3DAF81F3026D700E1459B /* YYComponentCenter.m */ = {isa = PBXFileReference; fileEncoding = 4; lastKnownFileType = sourcecode.c.objc; path = YYComponentCenter.m; sourceTree = "<group>"; };
		A0A3DAFD1F3032A600E1459B /* YYDetailViewController.h */ = {isa = PBXFileReference; fileEncoding = 4; lastKnownFileType = sourcecode.c.h; path = YYDetailViewController.h; sourceTree = "<group>"; };
		A0A3DAFE1F3032A600E1459B /* YYDetailViewController.m */ = {isa = PBXFileReference; fileEncoding = 4; lastKnownFileType = sourcecode.c.objc; path = YYDetailViewController.m; sourceTree = "<group>"; };
		A0A3DB001F3032BB00E1459B /* Target_Detail.h */ = {isa = PBXFileReference; fileEncoding = 4; lastKnownFileType = sourcecode.c.h; path = Target_Detail.h; sourceTree = "<group>"; };
		A0A3DB011F3032BB00E1459B /* Target_Detail.m */ = {isa = PBXFileReference; fileEncoding = 4; lastKnownFileType = sourcecode.c.objc; path = Target_Detail.m; sourceTree = "<group>"; };
		A0A3DB071F30351300E1459B /* YYComponentCenter+YYMethodDefinedForDetail.h */ = {isa = PBXFileReference; fileEncoding = 4; lastKnownFileType = sourcecode.c.h; path = "YYComponentCenter+YYMethodDefinedForDetail.h"; sourceTree = "<group>"; };
		A0A3DB081F30351300E1459B /* YYComponentCenter+YYMethodDefinedForDetail.m */ = {isa = PBXFileReference; fileEncoding = 4; lastKnownFileType = sourcecode.c.objc; path = "YYComponentCenter+YYMethodDefinedForDetail.m"; sourceTree = "<group>"; };
		A0A3DB0A1F30C25500E1459B /* UIImage+YYChangePictureColor.h */ = {isa = PBXFileReference; fileEncoding = 4; lastKnownFileType = sourcecode.c.h; path = "UIImage+YYChangePictureColor.h"; sourceTree = "<group>"; };
		A0A3DB0B1F30C25500E1459B /* UIImage+YYChangePictureColor.m */ = {isa = PBXFileReference; fileEncoding = 4; lastKnownFileType = sourcecode.c.objc; path = "UIImage+YYChangePictureColor.m"; sourceTree = "<group>"; };
		A0BA62E21F2ADDEF0038940C /* NSString+YYSHA256.h */ = {isa = PBXFileReference; fileEncoding = 4; lastKnownFileType = sourcecode.c.h; path = "NSString+YYSHA256.h"; sourceTree = "<group>"; };
		A0BA62E31F2ADDEF0038940C /* NSString+YYSHA256.m */ = {isa = PBXFileReference; fileEncoding = 4; lastKnownFileType = sourcecode.c.objc; path = "NSString+YYSHA256.m"; sourceTree = "<group>"; };
		A0BA62E51F2AE8360038940C /* NSString+YYAES256.h */ = {isa = PBXFileReference; fileEncoding = 4; lastKnownFileType = sourcecode.c.h; path = "NSString+YYAES256.h"; sourceTree = "<group>"; };
		A0BA62E61F2AE8360038940C /* NSString+YYAES256.m */ = {isa = PBXFileReference; fileEncoding = 4; lastKnownFileType = sourcecode.c.objc; path = "NSString+YYAES256.m"; sourceTree = "<group>"; };
		A0BA62E81F2AF02C0038940C /* YYEncryptTestViewController.h */ = {isa = PBXFileReference; fileEncoding = 4; lastKnownFileType = sourcecode.c.h; path = YYEncryptTestViewController.h; sourceTree = "<group>"; };
		A0BA62E91F2AF02C0038940C /* YYEncryptTestViewController.m */ = {isa = PBXFileReference; fileEncoding = 4; lastKnownFileType = sourcecode.c.objc; path = YYEncryptTestViewController.m; sourceTree = "<group>"; };
		A0BA62EC1F2AF9320038940C /* pkcs8_private_key.pem */ = {isa = PBXFileReference; fileEncoding = 4; lastKnownFileType = text; path = pkcs8_private_key.pem; sourceTree = "<group>"; };
		A0BA62ED1F2AF9320038940C /* private_key.p12 */ = {isa = PBXFileReference; lastKnownFileType = file; path = private_key.p12; sourceTree = "<group>"; };
		A0BA62EE1F2AF9320038940C /* public_key.der */ = {isa = PBXFileReference; lastKnownFileType = file; path = public_key.der; sourceTree = "<group>"; };
		A0BA62EF1F2AF9320038940C /* rsa_public_key.pem */ = {isa = PBXFileReference; fileEncoding = 4; lastKnownFileType = text; path = rsa_public_key.pem; sourceTree = "<group>"; };
		A0D513C01F1CB5A300B1BB56 /* YYProjectNew.app */ = {isa = PBXFileReference; explicitFileType = wrapper.application; includeInIndex = 0; path = YYProjectNew.app; sourceTree = BUILT_PRODUCTS_DIR; };
		A0D513C41F1CB5A300B1BB56 /* main.m */ = {isa = PBXFileReference; lastKnownFileType = sourcecode.c.objc; path = main.m; sourceTree = "<group>"; };
		A0D513C61F1CB5A300B1BB56 /* AppDelegate.h */ = {isa = PBXFileReference; lastKnownFileType = sourcecode.c.h; path = AppDelegate.h; sourceTree = "<group>"; };
		A0D513C71F1CB5A300B1BB56 /* AppDelegate.m */ = {isa = PBXFileReference; lastKnownFileType = sourcecode.c.objc; path = AppDelegate.m; sourceTree = "<group>"; };
		A0D513CD1F1CB5A300B1BB56 /* Base */ = {isa = PBXFileReference; lastKnownFileType = file.storyboard; name = Base; path = Base.lproj/Main.storyboard; sourceTree = "<group>"; };
		A0D513CF1F1CB5A300B1BB56 /* Assets.xcassets */ = {isa = PBXFileReference; lastKnownFileType = folder.assetcatalog; path = Assets.xcassets; sourceTree = "<group>"; };
		A0D513D21F1CB5A400B1BB56 /* Base */ = {isa = PBXFileReference; lastKnownFileType = file.storyboard; name = Base; path = Base.lproj/LaunchScreen.storyboard; sourceTree = "<group>"; };
		A0D513D41F1CB5A400B1BB56 /* Info.plist */ = {isa = PBXFileReference; lastKnownFileType = text.plist.xml; path = Info.plist; sourceTree = "<group>"; };
		A0D513D91F1CB5A400B1BB56 /* YYProjectNewTests.xctest */ = {isa = PBXFileReference; explicitFileType = wrapper.cfbundle; includeInIndex = 0; path = YYProjectNewTests.xctest; sourceTree = BUILT_PRODUCTS_DIR; };
		A0D513DD1F1CB5A400B1BB56 /* YYProjectNewTests.m */ = {isa = PBXFileReference; lastKnownFileType = sourcecode.c.objc; path = YYProjectNewTests.m; sourceTree = "<group>"; };
		A0D513DF1F1CB5A400B1BB56 /* Info.plist */ = {isa = PBXFileReference; lastKnownFileType = text.plist.xml; path = Info.plist; sourceTree = "<group>"; };
		A0D513E41F1CB5A400B1BB56 /* YYProjectNewUITests.xctest */ = {isa = PBXFileReference; explicitFileType = wrapper.cfbundle; includeInIndex = 0; path = YYProjectNewUITests.xctest; sourceTree = BUILT_PRODUCTS_DIR; };
		A0D513E81F1CB5A400B1BB56 /* YYProjectNewUITests.m */ = {isa = PBXFileReference; lastKnownFileType = sourcecode.c.objc; path = YYProjectNewUITests.m; sourceTree = "<group>"; };
		A0D513EA1F1CB5A400B1BB56 /* Info.plist */ = {isa = PBXFileReference; lastKnownFileType = text.plist.xml; path = Info.plist; sourceTree = "<group>"; };
		A0D513F61F1CEDF400B1BB56 /* PrefixHeader.h */ = {isa = PBXFileReference; fileEncoding = 4; lastKnownFileType = sourcecode.c.h; path = PrefixHeader.h; sourceTree = "<group>"; };
/* End PBXFileReference section */

/* Begin PBXFrameworksBuildPhase section */
		A0D513BD1F1CB5A300B1BB56 /* Frameworks */ = {
			isa = PBXFrameworksBuildPhase;
			buildActionMask = 2147483647;
			files = (
				D06A3E1B04C86F0E66FED62C /* Pods_YYProjectNew.framework in Frameworks */,
			);
			runOnlyForDeploymentPostprocessing = 0;
		};
		A0D513D61F1CB5A400B1BB56 /* Frameworks */ = {
			isa = PBXFrameworksBuildPhase;
			buildActionMask = 2147483647;
			files = (
			);
			runOnlyForDeploymentPostprocessing = 0;
		};
		A0D513E11F1CB5A400B1BB56 /* Frameworks */ = {
			isa = PBXFrameworksBuildPhase;
			buildActionMask = 2147483647;
			files = (
			);
			runOnlyForDeploymentPostprocessing = 0;
		};
/* End PBXFrameworksBuildPhase section */

/* Begin PBXGroup section */
		0561D8C22F27ADAA41F152FF /* Frameworks */ = {
			isa = PBXGroup;
			children = (
				9CAD7B230DA1D39D414ED366 /* Pods_YYProjectNew.framework */,
			);
			name = Frameworks;
			sourceTree = "<group>";
		};
		604EDF23B6DB73C829668F21 /* Pods */ = {
			isa = PBXGroup;
			children = (
				831CC53A1E15B5278CDC538E /* Pods-YYProjectNew.debug.xcconfig */,
				43A699B2CB370013AA529E7B /* Pods-YYProjectNew.release.xcconfig */,
			);
			name = Pods;
			sourceTree = "<group>";
		};
		A00A323B1F2CBBBF00E1B58F /* RuntimeDemo */ = {
			isa = PBXGroup;
			children = (
				A00A323C1F2CBBDB00E1B58F /* YYRuntimeTestViewController.h */,
				A00A323D1F2CBBDB00E1B58F /* YYRuntimeTestViewController.m */,
			);
			path = RuntimeDemo;
			sourceTree = "<group>";
		};
		A04463AA1F2741D600027423 /* Business */ = {
			isa = PBXGroup;
			children = (
				A04463AD1F2741D600027423 /* YYBussinessConstants.h */,
				A04463AE1F2741D600027423 /* YYBussinessConstants.m */,
				A04463B11F2741D600027423 /* YYViewDidLoadBusiness.h */,
				A04463B21F2741D600027423 /* YYViewDidLoadBusiness.m */,
				A04463AB1F2741D600027423 /* YYAnalyticsBusiness.h */,
				A04463AC1F2741D600027423 /* YYAnalyticsBusiness.m */,
				A04463AF1F2741D600027423 /* YYDataConfigBusiness.h */,
				A04463B01F2741D600027423 /* YYDataConfigBusiness.m */,
			);
			path = Business;
			sourceTree = "<group>";
		};
		A04463B71F2742F500027423 /* Module */ = {
			isa = PBXGroup;
			children = (
				A08E59E41F2F885C00163EE8 /* YYControllerConvert.h */,
				A08E59E51F2F885C00163EE8 /* YYControllerConvert.m */,
				A04463BF1F2742F500027423 /* ReuseCode */,
				A04463B81F2742F500027423 /* NetDemo */,
				A044643F1F298A7900027423 /* EncryptDemo */,
				A0A3DAFA1F30303C00E1459B /* ComponentDemo */,
				A00A323B1F2CBBBF00E1B58F /* RuntimeDemo */,
				A08E59D91F2F806100163EE8 /* SwiftDemo */,
			);
			path = Module;
			sourceTree = "<group>";
		};
		A04463B81F2742F500027423 /* NetDemo */ = {
			isa = PBXGroup;
			children = (
				A044643A1F28874D00027423 /* service */,
				A04464371F2879BE00027423 /* YYRequestTestViewController.h */,
				A04464381F2879BE00027423 /* YYRequestTestViewController.m */,
				A04463BB1F2742F500027423 /* YYTestManager.h */,
				A04463BC1F2742F500027423 /* YYTestManager.m */,
			);
			path = NetDemo;
			sourceTree = "<group>";
		};
		A04463BF1F2742F500027423 /* ReuseCode */ = {
			isa = PBXGroup;
			children = (
				A04463C21F2742F500027423 /* YYReuseCodeViewController.h */,
				A04463C31F2742F500027423 /* YYReuseCodeViewController.m */,
				A04463C41F2742F500027423 /* YYTableViewCell.h */,
				A04463C51F2742F500027423 /* YYTableViewCell.m */,
				A04463C01F2742F500027423 /* YYCollectionViewCell.h */,
				A04463C11F2742F500027423 /* YYCollectionViewCell.m */,
			);
			path = ReuseCode;
			sourceTree = "<group>";
		};
		A04463CF1F2744F800027423 /* Network */ = {
			isa = PBXGroup;
			children = (
				A04463DF1F2744F800027423 /* YYNetwork.h */,
				A04463D01F2744F800027423 /* Category */,
				A04463DD1F2744F800027423 /* YYNetConfig.h */,
				A04463DE1F2744F800027423 /* YYNetConfig.m */,
				A04463DB1F2744F800027423 /* YYBaseRequestManager.h */,
				A04463DC1F2744F800027423 /* YYBaseRequestManager.m */,
				A04463E81F2744F800027423 /* YYRequestProxy.h */,
				A04463E91F2744F800027423 /* YYRequestProxy.m */,
				A04463E01F2744F800027423 /* YYRequest.h */,
				A04463E11F2744F800027423 /* YYRequest.m */,
				A04463EA1F2744F800027423 /* YYResponse.h */,
				A04463EB1F2744F800027423 /* YYResponse.m */,
				A04463EC1F2744F800027423 /* YYService.h */,
				A04463ED1F2744F800027423 /* YYService.m */,
				A04463EE1F2744F800027423 /* YYServiceFactory.h */,
				A04463EF1F2744F800027423 /* YYServiceFactory.m */,
				A04463E21F2744F800027423 /* YYRequestCache.h */,
				A04463E31F2744F800027423 /* YYRequestCache.m */,
				A04463E41F2744F800027423 /* YYRequestCacheObject.h */,
				A04463E51F2744F800027423 /* YYRequestCacheObject.m */,
				A04463E61F2744F800027423 /* YYRequestLogger.h */,
				A04463E71F2744F800027423 /* YYRequestLogger.m */,
			);
			path = Network;
			sourceTree = "<group>";
		};
		A04463D01F2744F800027423 /* Category */ = {
			isa = PBXGroup;
			children = (
				A04463D51F2744F800027423 /* NSObject+YYNetwork.h */,
				A04463D61F2744F800027423 /* NSObject+YYNetwork.m */,
				A04463D71F2744F800027423 /* NSString+YYNetwork.h */,
				A04463D81F2744F800027423 /* NSString+YYNetwork.m */,
				A04463D11F2744F800027423 /* NSArray+YYNetwork.h */,
				A04463D21F2744F800027423 /* NSArray+YYNetwork.m */,
				A04463D31F2744F800027423 /* NSDictionary+YYNetwork.h */,
				A04463D41F2744F800027423 /* NSDictionary+YYNetwork.m */,
				A04463D91F2744F800027423 /* NSURLRequest+YYNetwork.h */,
				A04463DA1F2744F800027423 /* NSURLRequest+YYNetwork.m */,
			);
			path = Category;
			sourceTree = "<group>";
		};
		A04463FF1F2745B100027423 /* Encryption */ = {
			isa = PBXGroup;
			children = (
				A04464041F2745B100027423 /* NSString+YYBase64.h */,
				A04464051F2745B100027423 /* NSString+YYBase64.m */,
				A04464081F2745B100027423 /* NSString+YYMD5.h */,
				A04464091F2745B100027423 /* NSString+YYMD5.m */,
				A044640A1F2745B100027423 /* NSString+YYSHA1.h */,
				A044640B1F2745B100027423 /* NSString+YYSHA1.m */,
				A0BA62E21F2ADDEF0038940C /* NSString+YYSHA256.h */,
				A0BA62E31F2ADDEF0038940C /* NSString+YYSHA256.m */,
				A04464001F2745B100027423 /* NSString+MD5_Base64.h */,
				A04464011F2745B100027423 /* NSString+MD5_Base64.m */,
				A04464061F2745B100027423 /* NSString+YYDES.h */,
				A04464071F2745B100027423 /* NSString+YYDES.m */,
				A04464021F2745B100027423 /* NSString+YYAES128.h */,
				A04464031F2745B100027423 /* NSString+YYAES128.m */,
				A0BA62E51F2AE8360038940C /* NSString+YYAES256.h */,
				A0BA62E61F2AE8360038940C /* NSString+YYAES256.m */,
				A044640C1F2745B100027423 /* YYRSA.h */,
				A044640D1F2745B100027423 /* YYRSA.m */,
				A0BA62EB1F2AF9090038940C /* RSA_file */,
			);
			path = Encryption;
			sourceTree = "<group>";
		};
		A04464151F2749F900027423 /* ViewModel */ = {
			isa = PBXGroup;
			children = (
				A04464181F2749F900027423 /* NSString+YYRandomString.h */,
				A04464191F2749F900027423 /* NSString+YYRandomString.m */,
				A044641A1F2749F900027423 /* YYTimeHandle.h */,
				A044641B1F2749F900027423 /* YYTimeHandle.m */,
			);
			path = ViewModel;
			sourceTree = "<group>";
		};
		A044641F1F274AB300027423 /* Protocol */ = {
			isa = PBXGroup;
			children = (
				A04464211F274AB300027423 /* YYLifeCycleProtocol.h */,
				A04464201F274AB300027423 /* YYDataConfigProtocol.h */,
			);
			path = Protocol;
			sourceTree = "<group>";
		};
		A04464221F274B3B00027423 /* Category */ = {
			isa = PBXGroup;
			children = (
				A04464231F274B3B00027423 /* Foundation */,
				A044642A1F274B3B00027423 /* UIKit */,
			);
			path = Category;
			sourceTree = "<group>";
		};
		A04464231F274B3B00027423 /* Foundation */ = {
			isa = PBXGroup;
			children = (
				A003FDF81F31E72C001CFD28 /* NSObject+YYTimeCount.h */,
				A003FDF91F31E72C001CFD28 /* NSObject+YYTimeCount.m */,
				A04464281F274B3B00027423 /* NSString+YYEmpty.h */,
				A04464291F274B3B00027423 /* NSString+YYEmpty.m */,
				A04464261F274B3B00027423 /* NSString+YYDevice.h */,
				A04464271F274B3B00027423 /* NSString+YYDevice.m */,
			);
			path = Foundation;
			sourceTree = "<group>";
		};
		A044642A1F274B3B00027423 /* UIKit */ = {
			isa = PBXGroup;
			children = (
				A0A3DB0A1F30C25500E1459B /* UIImage+YYChangePictureColor.h */,
				A0A3DB0B1F30C25500E1459B /* UIImage+YYChangePictureColor.m */,
				A044642D1F274B3B00027423 /* UIButton+YYAddProperty.h */,
				A044642E1F274B3B00027423 /* UIButton+YYAddProperty.m */,
				A044642B1F274B3B00027423 /* AppDelegate+YYLoadSomething.h */,
				A044642C1F274B3B00027423 /* AppDelegate+YYLoadSomething.m */,
			);
			path = UIKit;
			sourceTree = "<group>";
		};
		A044643A1F28874D00027423 /* service */ = {
			isa = PBXGroup;
			children = (
				A04463B91F2742F500027423 /* YYRequestConst.h */,
				A04463BA1F2742F500027423 /* YYRequestConst.m */,
				A04463BD1F2742F500027423 /* YYTestService.h */,
				A04463BE1F2742F500027423 /* YYTestService.m */,
			);
			name = service;
			sourceTree = "<group>";
		};
		A044643F1F298A7900027423 /* EncryptDemo */ = {
			isa = PBXGroup;
			children = (
				A0BA62E81F2AF02C0038940C /* YYEncryptTestViewController.h */,
				A0BA62E91F2AF02C0038940C /* YYEncryptTestViewController.m */,
			);
			path = EncryptDemo;
			sourceTree = "<group>";
		};
		A08E59D91F2F806100163EE8 /* SwiftDemo */ = {
			isa = PBXGroup;
			children = (
				A08E59DA1F2F814500163EE8 /* YYProjectNew-Bridging-Header.h */,
				A08E59DB1F2F814600163EE8 /* FirstViewController.swift */,
				A08E59DD1F2F81E100163EE8 /* ExampleProtocol.swift */,
				A08E59DF1F2F820400163EE8 /* SecondViewController.swift */,
			);
			path = SwiftDemo;
			sourceTree = "<group>";
		};
		A0A3DAF61F30269A00E1459B /* Component */ = {
			isa = PBXGroup;
			children = (
				A0A3DAF71F3026D700E1459B /* YYComponentCenter.h */,
				A0A3DAF81F3026D700E1459B /* YYComponentCenter.m */,
			);
			path = Component;
			sourceTree = "<group>";
		};
		A0A3DAFA1F30303C00E1459B /* ComponentDemo */ = {
			isa = PBXGroup;
			children = (
				A0A3DAFC1F30329400E1459B /* TargetAndAction */,
				A0A3DB061F3034F000E1459B /* RouteMethod */,
				A0A3DAFD1F3032A600E1459B /* YYDetailViewController.h */,
				A0A3DAFE1F3032A600E1459B /* YYDetailViewController.m */,
			);
			path = ComponentDemo;
			sourceTree = "<group>";
		};
		A0A3DAFC1F30329400E1459B /* TargetAndAction */ = {
			isa = PBXGroup;
			children = (
				A0A3DB001F3032BB00E1459B /* Target_Detail.h */,
				A0A3DB011F3032BB00E1459B /* Target_Detail.m */,
			);
			path = TargetAndAction;
			sourceTree = "<group>";
		};
		A0A3DB061F3034F000E1459B /* RouteMethod */ = {
			isa = PBXGroup;
			children = (
				A0A3DB071F30351300E1459B /* YYComponentCenter+YYMethodDefinedForDetail.h */,
				A0A3DB081F30351300E1459B /* YYComponentCenter+YYMethodDefinedForDetail.m */,
			);
			path = RouteMethod;
			sourceTree = "<group>";
		};
		A0BA62EB1F2AF9090038940C /* RSA_file */ = {
			isa = PBXGroup;
			children = (
				A0BA62EE1F2AF9320038940C /* public_key.der */,
				A0BA62ED1F2AF9320038940C /* private_key.p12 */,
				A0BA62EF1F2AF9320038940C /* rsa_public_key.pem */,
				A0BA62EC1F2AF9320038940C /* pkcs8_private_key.pem */,
			);
			name = RSA_file;
			sourceTree = "<group>";
		};
		A0D513B71F1CB5A300B1BB56 = {
			isa = PBXGroup;
			children = (
				A0D513C21F1CB5A300B1BB56 /* YYProjectNew */,
				A0D513DC1F1CB5A400B1BB56 /* YYProjectNewTests */,
				A0D513E71F1CB5A400B1BB56 /* YYProjectNewUITests */,
				A0D513C11F1CB5A300B1BB56 /* Products */,
				604EDF23B6DB73C829668F21 /* Pods */,
				0561D8C22F27ADAA41F152FF /* Frameworks */,
			);
			sourceTree = "<group>";
		};
		A0D513C11F1CB5A300B1BB56 /* Products */ = {
			isa = PBXGroup;
			children = (
				A0D513C01F1CB5A300B1BB56 /* YYProjectNew.app */,
				A0D513D91F1CB5A400B1BB56 /* YYProjectNewTests.xctest */,
				A0D513E41F1CB5A400B1BB56 /* YYProjectNewUITests.xctest */,
			);
			name = Products;
			sourceTree = "<group>";
		};
		A0D513C21F1CB5A300B1BB56 /* YYProjectNew */ = {
			isa = PBXGroup;
			children = (
				A04463B71F2742F500027423 /* Module */,
				A04463CF1F2744F800027423 /* Network */,
				A04463FF1F2745B100027423 /* Encryption */,
				A0A3DAF61F30269A00E1459B /* Component */,
				A04464221F274B3B00027423 /* Category */,
				A04464151F2749F900027423 /* ViewModel */,
				A044641F1F274AB300027423 /* Protocol */,
				A04463AA1F2741D600027423 /* Business */,
				A0D513C61F1CB5A300B1BB56 /* AppDelegate.h */,
				A0D513C71F1CB5A300B1BB56 /* AppDelegate.m */,
				A04463C61F2742F500027423 /* YYViewController.h */,
				A04463C71F2742F500027423 /* YYViewController.m */,
				A0D513CC1F1CB5A300B1BB56 /* Main.storyboard */,
				A0D513CF1F1CB5A300B1BB56 /* Assets.xcassets */,
				A0D513D11F1CB5A400B1BB56 /* LaunchScreen.storyboard */,
				A0D513D41F1CB5A400B1BB56 /* Info.plist */,
				A0D513C31F1CB5A300B1BB56 /* Supporting Files */,
			);
			path = YYProjectNew;
			sourceTree = "<group>";
		};
		A0D513C31F1CB5A300B1BB56 /* Supporting Files */ = {
			isa = PBXGroup;
			children = (
				A0D513C41F1CB5A300B1BB56 /* main.m */,
				A0D513F61F1CEDF400B1BB56 /* PrefixHeader.h */,
			);
			name = "Supporting Files";
			sourceTree = "<group>";
		};
		A0D513DC1F1CB5A400B1BB56 /* YYProjectNewTests */ = {
			isa = PBXGroup;
			children = (
				A0D513DD1F1CB5A400B1BB56 /* YYProjectNewTests.m */,
				A0D513DF1F1CB5A400B1BB56 /* Info.plist */,
			);
			path = YYProjectNewTests;
			sourceTree = "<group>";
		};
		A0D513E71F1CB5A400B1BB56 /* YYProjectNewUITests */ = {
			isa = PBXGroup;
			children = (
				A0D513E81F1CB5A400B1BB56 /* YYProjectNewUITests.m */,
				A0D513EA1F1CB5A400B1BB56 /* Info.plist */,
			);
			path = YYProjectNewUITests;
			sourceTree = "<group>";
		};
/* End PBXGroup section */

/* Begin PBXNativeTarget section */
		A0D513BF1F1CB5A300B1BB56 /* YYProjectNew */ = {
			isa = PBXNativeTarget;
			buildConfigurationList = A0D513ED1F1CB5A400B1BB56 /* Build configuration list for PBXNativeTarget "YYProjectNew" */;
			buildPhases = (
				21B84D5B10B2FC7C476A1997 /* [CP] Check Pods Manifest.lock */,
				A0D513BC1F1CB5A300B1BB56 /* Sources */,
				A0D513BD1F1CB5A300B1BB56 /* Frameworks */,
				A0D513BE1F1CB5A300B1BB56 /* Resources */,
				CFBE908EE548EB88A00E77F3 /* [CP] Embed Pods Frameworks */,
				D7BD8D796C00ABA01DCC8667 /* [CP] Copy Pods Resources */,
			);
			buildRules = (
			);
			dependencies = (
			);
			name = YYProjectNew;
			productName = YYProjectNew;
			productReference = A0D513C01F1CB5A300B1BB56 /* YYProjectNew.app */;
			productType = "com.apple.product-type.application";
		};
		A0D513D81F1CB5A400B1BB56 /* YYProjectNewTests */ = {
			isa = PBXNativeTarget;
			buildConfigurationList = A0D513F01F1CB5A400B1BB56 /* Build configuration list for PBXNativeTarget "YYProjectNewTests" */;
			buildPhases = (
				A0D513D51F1CB5A400B1BB56 /* Sources */,
				A0D513D61F1CB5A400B1BB56 /* Frameworks */,
				A0D513D71F1CB5A400B1BB56 /* Resources */,
			);
			buildRules = (
			);
			dependencies = (
				A0D513DB1F1CB5A400B1BB56 /* PBXTargetDependency */,
			);
			name = YYProjectNewTests;
			productName = YYProjectNewTests;
			productReference = A0D513D91F1CB5A400B1BB56 /* YYProjectNewTests.xctest */;
			productType = "com.apple.product-type.bundle.unit-test";
		};
		A0D513E31F1CB5A400B1BB56 /* YYProjectNewUITests */ = {
			isa = PBXNativeTarget;
			buildConfigurationList = A0D513F31F1CB5A400B1BB56 /* Build configuration list for PBXNativeTarget "YYProjectNewUITests" */;
			buildPhases = (
				A0D513E01F1CB5A400B1BB56 /* Sources */,
				A0D513E11F1CB5A400B1BB56 /* Frameworks */,
				A0D513E21F1CB5A400B1BB56 /* Resources */,
			);
			buildRules = (
			);
			dependencies = (
				A0D513E61F1CB5A400B1BB56 /* PBXTargetDependency */,
			);
			name = YYProjectNewUITests;
			productName = YYProjectNewUITests;
			productReference = A0D513E41F1CB5A400B1BB56 /* YYProjectNewUITests.xctest */;
			productType = "com.apple.product-type.bundle.ui-testing";
		};
/* End PBXNativeTarget section */

/* Begin PBXProject section */
		A0D513B81F1CB5A300B1BB56 /* Project object */ = {
			isa = PBXProject;
			attributes = {
				LastUpgradeCheck = 0830;
				ORGANIZATIONNAME = yangyh;
				TargetAttributes = {
					A0D513BF1F1CB5A300B1BB56 = {
						CreatedOnToolsVersion = 8.3.3;
						LastSwiftMigration = 0830;
						ProvisioningStyle = Manual;
					};
					A0D513D81F1CB5A400B1BB56 = {
						CreatedOnToolsVersion = 8.3.3;
						ProvisioningStyle = Automatic;
						TestTargetID = A0D513BF1F1CB5A300B1BB56;
					};
					A0D513E31F1CB5A400B1BB56 = {
						CreatedOnToolsVersion = 8.3.3;
						ProvisioningStyle = Automatic;
						TestTargetID = A0D513BF1F1CB5A300B1BB56;
					};
				};
			};
			buildConfigurationList = A0D513BB1F1CB5A300B1BB56 /* Build configuration list for PBXProject "YYProjectNew" */;
			compatibilityVersion = "Xcode 3.2";
			developmentRegion = English;
			hasScannedForEncodings = 0;
			knownRegions = (
				en,
				Base,
			);
			mainGroup = A0D513B71F1CB5A300B1BB56;
			productRefGroup = A0D513C11F1CB5A300B1BB56 /* Products */;
			projectDirPath = "";
			projectRoot = "";
			targets = (
				A0D513BF1F1CB5A300B1BB56 /* YYProjectNew */,
				A0D513D81F1CB5A400B1BB56 /* YYProjectNewTests */,
				A0D513E31F1CB5A400B1BB56 /* YYProjectNewUITests */,
			);
		};
/* End PBXProject section */

/* Begin PBXResourcesBuildPhase section */
		A0D513BE1F1CB5A300B1BB56 /* Resources */ = {
			isa = PBXResourcesBuildPhase;
			buildActionMask = 2147483647;
			files = (
				A0BA62F01F2AF9320038940C /* pkcs8_private_key.pem in Resources */,
				A0D513D31F1CB5A400B1BB56 /* LaunchScreen.storyboard in Resources */,
				A0BA62F21F2AF9320038940C /* public_key.der in Resources */,
				A0D513D01F1CB5A300B1BB56 /* Assets.xcassets in Resources */,
				A0BA62F11F2AF9320038940C /* private_key.p12 in Resources */,
				A0BA62F31F2AF9320038940C /* rsa_public_key.pem in Resources */,
				A0D513CE1F1CB5A300B1BB56 /* Main.storyboard in Resources */,
			);
			runOnlyForDeploymentPostprocessing = 0;
		};
		A0D513D71F1CB5A400B1BB56 /* Resources */ = {
			isa = PBXResourcesBuildPhase;
			buildActionMask = 2147483647;
			files = (
			);
			runOnlyForDeploymentPostprocessing = 0;
		};
		A0D513E21F1CB5A400B1BB56 /* Resources */ = {
			isa = PBXResourcesBuildPhase;
			buildActionMask = 2147483647;
			files = (
			);
			runOnlyForDeploymentPostprocessing = 0;
		};
/* End PBXResourcesBuildPhase section */

/* Begin PBXShellScriptBuildPhase section */
		21B84D5B10B2FC7C476A1997 /* [CP] Check Pods Manifest.lock */ = {
			isa = PBXShellScriptBuildPhase;
			buildActionMask = 2147483647;
			files = (
			);
			inputPaths = (
			);
			name = "[CP] Check Pods Manifest.lock";
			outputPaths = (
			);
			runOnlyForDeploymentPostprocessing = 0;
			shellPath = /bin/sh;
			shellScript = "diff \"${PODS_ROOT}/../Podfile.lock\" \"${PODS_ROOT}/Manifest.lock\" > /dev/null\nif [ $? != 0 ] ; then\n    # print error to STDERR\n    echo \"error: The sandbox is not in sync with the Podfile.lock. Run 'pod install' or update your CocoaPods installation.\" >&2\n    exit 1\nfi\n";
			showEnvVarsInLog = 0;
		};
		CFBE908EE548EB88A00E77F3 /* [CP] Embed Pods Frameworks */ = {
			isa = PBXShellScriptBuildPhase;
			buildActionMask = 2147483647;
			files = (
			);
			inputPaths = (
			);
			name = "[CP] Embed Pods Frameworks";
			outputPaths = (
			);
			runOnlyForDeploymentPostprocessing = 0;
			shellPath = /bin/sh;
			shellScript = "\"${SRCROOT}/Pods/Target Support Files/Pods-YYProjectNew/Pods-YYProjectNew-frameworks.sh\"\n";
			showEnvVarsInLog = 0;
		};
		D7BD8D796C00ABA01DCC8667 /* [CP] Copy Pods Resources */ = {
			isa = PBXShellScriptBuildPhase;
			buildActionMask = 2147483647;
			files = (
			);
			inputPaths = (
			);
			name = "[CP] Copy Pods Resources";
			outputPaths = (
			);
			runOnlyForDeploymentPostprocessing = 0;
			shellPath = /bin/sh;
			shellScript = "\"${SRCROOT}/Pods/Target Support Files/Pods-YYProjectNew/Pods-YYProjectNew-resources.sh\"\n";
			showEnvVarsInLog = 0;
		};
/* End PBXShellScriptBuildPhase section */

/* Begin PBXSourcesBuildPhase section */
		A0D513BC1F1CB5A300B1BB56 /* Sources */ = {
			isa = PBXSourcesBuildPhase;
			buildActionMask = 2147483647;
			files = (
				A04463CE1F2742F500027423 /* YYViewController.m in Sources */,
				A04463B61F2741D600027423 /* YYViewDidLoadBusiness.m in Sources */,
				A04463FB1F2744F800027423 /* YYRequestProxy.m in Sources */,
				A04463F51F2744F800027423 /* YYBaseRequestManager.m in Sources */,
				A04463B31F2741D600027423 /* YYAnalyticsBusiness.m in Sources */,
				A04464331F274B3B00027423 /* UIButton+YYAddProperty.m in Sources */,
				A04464311F274B3B00027423 /* NSString+YYEmpty.m in Sources */,
				A04464391F2879BE00027423 /* YYRequestTestViewController.m in Sources */,
				A04464101F2745B100027423 /* NSString+YYBase64.m in Sources */,
				A04463F81F2744F800027423 /* YYRequestCache.m in Sources */,
				A04463C81F2742F500027423 /* YYRequestConst.m in Sources */,
				A04463FE1F2744F800027423 /* YYServiceFactory.m in Sources */,
				A0A3DAF91F3026D700E1459B /* YYComponentCenter.m in Sources */,
				A04463F41F2744F800027423 /* NSURLRequest+YYNetwork.m in Sources */,
				A04463FD1F2744F800027423 /* YYService.m in Sources */,
				A08E59DE1F2F81E100163EE8 /* ExampleProtocol.swift in Sources */,
				A0A3DB021F3032BB00E1459B /* Target_Detail.m in Sources */,
				A04463B41F2741D600027423 /* YYBussinessConstants.m in Sources */,
				A04463FC1F2744F800027423 /* YYResponse.m in Sources */,
				A0BA62E71F2AE8360038940C /* NSString+YYAES256.m in Sources */,
				A08E59E01F2F820400163EE8 /* SecondViewController.swift in Sources */,
				A04463F01F2744F800027423 /* NSArray+YYNetwork.m in Sources */,
				A04463F21F2744F800027423 /* NSObject+YYNetwork.m in Sources */,
				A00A323E1F2CBBDB00E1B58F /* YYRuntimeTestViewController.m in Sources */,
				A04463F31F2744F800027423 /* NSString+YYNetwork.m in Sources */,
				A08E59E61F2F885C00163EE8 /* YYControllerConvert.m in Sources */,
				A04464141F2745B100027423 /* YYRSA.m in Sources */,
				A0D513C81F1CB5A300B1BB56 /* AppDelegate.m in Sources */,
				A0A3DB091F30351300E1459B /* YYComponentCenter+YYMethodDefinedForDetail.m in Sources */,
				A0D513C51F1CB5A300B1BB56 /* main.m in Sources */,
				A044640F1F2745B100027423 /* NSString+YYAES128.m in Sources */,
				A044641E1F2749F900027423 /* YYTimeHandle.m in Sources */,
				A0BA62E41F2ADDEF0038940C /* NSString+YYSHA256.m in Sources */,
				A04464321F274B3B00027423 /* AppDelegate+YYLoadSomething.m in Sources */,
				A04463CC1F2742F500027423 /* YYReuseCodeViewController.m in Sources */,
				A04464111F2745B100027423 /* NSString+YYDES.m in Sources */,
				A04464131F2745B100027423 /* NSString+YYSHA1.m in Sources */,
				A04463F71F2744F800027423 /* YYRequest.m in Sources */,
				A04464301F274B3B00027423 /* NSString+YYDevice.m in Sources */,
				A04463F61F2744F800027423 /* YYNetConfig.m in Sources */,
				A04463CD1F2742F500027423 /* YYTableViewCell.m in Sources */,
				A0A3DB0C1F30C25500E1459B /* UIImage+YYChangePictureColor.m in Sources */,
				A08E59DC1F2F814600163EE8 /* FirstViewController.swift in Sources */,
				A04463CB1F2742F500027423 /* YYCollectionViewCell.m in Sources */,
				A04464121F2745B100027423 /* NSString+YYMD5.m in Sources */,
				A04463F11F2744F800027423 /* NSDictionary+YYNetwork.m in Sources */,
				A003FDFA1F31E72C001CFD28 /* NSObject+YYTimeCount.m in Sources */,
				A0A3DAFF1F3032A600E1459B /* YYDetailViewController.m in Sources */,
				A044641D1F2749F900027423 /* NSString+YYRandomString.m in Sources */,
				A04463FA1F2744F800027423 /* YYRequestLogger.m in Sources */,
				A044640E1F2745B100027423 /* NSString+MD5_Base64.m in Sources */,
				A04463CA1F2742F500027423 /* YYTestService.m in Sources */,
				A04463F91F2744F800027423 /* YYRequestCacheObject.m in Sources */,
				A04463B51F2741D600027423 /* YYDataConfigBusiness.m in Sources */,
				A0BA62EA1F2AF02C0038940C /* YYEncryptTestViewController.m in Sources */,
				A04463C91F2742F500027423 /* YYTestManager.m in Sources */,
			);
			runOnlyForDeploymentPostprocessing = 0;
		};
		A0D513D51F1CB5A400B1BB56 /* Sources */ = {
			isa = PBXSourcesBuildPhase;
			buildActionMask = 2147483647;
			files = (
				A0D513DE1F1CB5A400B1BB56 /* YYProjectNewTests.m in Sources */,
			);
			runOnlyForDeploymentPostprocessing = 0;
		};
		A0D513E01F1CB5A400B1BB56 /* Sources */ = {
			isa = PBXSourcesBuildPhase;
			buildActionMask = 2147483647;
			files = (
				A0D513E91F1CB5A400B1BB56 /* YYProjectNewUITests.m in Sources */,
			);
			runOnlyForDeploymentPostprocessing = 0;
		};
/* End PBXSourcesBuildPhase section */

/* Begin PBXTargetDependency section */
		A0D513DB1F1CB5A400B1BB56 /* PBXTargetDependency */ = {
			isa = PBXTargetDependency;
			target = A0D513BF1F1CB5A300B1BB56 /* YYProjectNew */;
			targetProxy = A0D513DA1F1CB5A400B1BB56 /* PBXContainerItemProxy */;
		};
		A0D513E61F1CB5A400B1BB56 /* PBXTargetDependency */ = {
			isa = PBXTargetDependency;
			target = A0D513BF1F1CB5A300B1BB56 /* YYProjectNew */;
			targetProxy = A0D513E51F1CB5A400B1BB56 /* PBXContainerItemProxy */;
		};
/* End PBXTargetDependency section */

/* Begin PBXVariantGroup section */
		A0D513CC1F1CB5A300B1BB56 /* Main.storyboard */ = {
			isa = PBXVariantGroup;
			children = (
				A0D513CD1F1CB5A300B1BB56 /* Base */,
			);
			name = Main.storyboard;
			sourceTree = "<group>";
		};
		A0D513D11F1CB5A400B1BB56 /* LaunchScreen.storyboard */ = {
			isa = PBXVariantGroup;
			children = (
				A0D513D21F1CB5A400B1BB56 /* Base */,
			);
			name = LaunchScreen.storyboard;
			sourceTree = "<group>";
		};
/* End PBXVariantGroup section */

/* Begin XCBuildConfiguration section */
		A0D513EB1F1CB5A400B1BB56 /* Debug */ = {
			isa = XCBuildConfiguration;
			buildSettings = {
				ALWAYS_SEARCH_USER_PATHS = NO;
				CLANG_ANALYZER_NONNULL = YES;
				CLANG_ANALYZER_NUMBER_OBJECT_CONVERSION = YES_AGGRESSIVE;
				CLANG_CXX_LANGUAGE_STANDARD = "gnu++0x";
				CLANG_CXX_LIBRARY = "libc++";
				CLANG_ENABLE_MODULES = YES;
				CLANG_ENABLE_OBJC_ARC = YES;
				CLANG_WARN_BOOL_CONVERSION = YES;
				CLANG_WARN_CONSTANT_CONVERSION = YES;
				CLANG_WARN_DIRECT_OBJC_ISA_USAGE = YES_ERROR;
				CLANG_WARN_DOCUMENTATION_COMMENTS = YES;
				CLANG_WARN_EMPTY_BODY = YES;
				CLANG_WARN_ENUM_CONVERSION = YES;
				CLANG_WARN_INFINITE_RECURSION = YES;
				CLANG_WARN_INT_CONVERSION = YES;
				CLANG_WARN_OBJC_ROOT_CLASS = YES_ERROR;
				CLANG_WARN_SUSPICIOUS_MOVE = YES;
				CLANG_WARN_UNREACHABLE_CODE = YES;
				CLANG_WARN__DUPLICATE_METHOD_MATCH = YES;
				"CODE_SIGN_IDENTITY[sdk=iphoneos*]" = "iPhone Developer";
				COPY_PHASE_STRIP = NO;
				DEBUG_INFORMATION_FORMAT = dwarf;
				ENABLE_STRICT_OBJC_MSGSEND = YES;
				ENABLE_TESTABILITY = YES;
				GCC_C_LANGUAGE_STANDARD = gnu99;
				GCC_DYNAMIC_NO_PIC = NO;
				GCC_NO_COMMON_BLOCKS = YES;
				GCC_OPTIMIZATION_LEVEL = 0;
				GCC_PREPROCESSOR_DEFINITIONS = (
					"DEBUG=1",
					"$(inherited)",
				);
				GCC_WARN_64_TO_32_BIT_CONVERSION = YES;
				GCC_WARN_ABOUT_RETURN_TYPE = YES_ERROR;
				GCC_WARN_UNDECLARED_SELECTOR = YES;
				GCC_WARN_UNINITIALIZED_AUTOS = YES_AGGRESSIVE;
				GCC_WARN_UNUSED_FUNCTION = YES;
				GCC_WARN_UNUSED_VARIABLE = YES;
				IPHONEOS_DEPLOYMENT_TARGET = 10.3;
				MTL_ENABLE_DEBUG_INFO = YES;
				ONLY_ACTIVE_ARCH = YES;
				SDKROOT = iphoneos;
				TARGETED_DEVICE_FAMILY = "1,2";
			};
			name = Debug;
		};
		A0D513EC1F1CB5A400B1BB56 /* Release */ = {
			isa = XCBuildConfiguration;
			buildSettings = {
				ALWAYS_SEARCH_USER_PATHS = NO;
				CLANG_ANALYZER_NONNULL = YES;
				CLANG_ANALYZER_NUMBER_OBJECT_CONVERSION = YES_AGGRESSIVE;
				CLANG_CXX_LANGUAGE_STANDARD = "gnu++0x";
				CLANG_CXX_LIBRARY = "libc++";
				CLANG_ENABLE_MODULES = YES;
				CLANG_ENABLE_OBJC_ARC = YES;
				CLANG_WARN_BOOL_CONVERSION = YES;
				CLANG_WARN_CONSTANT_CONVERSION = YES;
				CLANG_WARN_DIRECT_OBJC_ISA_USAGE = YES_ERROR;
				CLANG_WARN_DOCUMENTATION_COMMENTS = YES;
				CLANG_WARN_EMPTY_BODY = YES;
				CLANG_WARN_ENUM_CONVERSION = YES;
				CLANG_WARN_INFINITE_RECURSION = YES;
				CLANG_WARN_INT_CONVERSION = YES;
				CLANG_WARN_OBJC_ROOT_CLASS = YES_ERROR;
				CLANG_WARN_SUSPICIOUS_MOVE = YES;
				CLANG_WARN_UNREACHABLE_CODE = YES;
				CLANG_WARN__DUPLICATE_METHOD_MATCH = YES;
				"CODE_SIGN_IDENTITY[sdk=iphoneos*]" = "iPhone Developer";
				COPY_PHASE_STRIP = NO;
				DEBUG_INFORMATION_FORMAT = "dwarf-with-dsym";
				ENABLE_NS_ASSERTIONS = NO;
				ENABLE_STRICT_OBJC_MSGSEND = YES;
				GCC_C_LANGUAGE_STANDARD = gnu99;
				GCC_NO_COMMON_BLOCKS = YES;
				GCC_WARN_64_TO_32_BIT_CONVERSION = YES;
				GCC_WARN_ABOUT_RETURN_TYPE = YES_ERROR;
				GCC_WARN_UNDECLARED_SELECTOR = YES;
				GCC_WARN_UNINITIALIZED_AUTOS = YES_AGGRESSIVE;
				GCC_WARN_UNUSED_FUNCTION = YES;
				GCC_WARN_UNUSED_VARIABLE = YES;
				IPHONEOS_DEPLOYMENT_TARGET = 10.3;
				MTL_ENABLE_DEBUG_INFO = NO;
				SDKROOT = iphoneos;
				SWIFT_OPTIMIZATION_LEVEL = "-Owholemodule";
				TARGETED_DEVICE_FAMILY = "1,2";
				VALIDATE_PRODUCT = YES;
			};
			name = Release;
		};
		A0D513EE1F1CB5A400B1BB56 /* Debug */ = {
			isa = XCBuildConfiguration;
			baseConfigurationReference = 831CC53A1E15B5278CDC538E /* Pods-YYProjectNew.debug.xcconfig */;
			buildSettings = {
				ASSETCATALOG_COMPILER_APPICON_NAME = AppIcon;
				CLANG_ENABLE_MODULES = YES;
				CLANG_WARN_OBJC_IMPLICIT_RETAIN_SELF = YES;
				DEVELOPMENT_TEAM = "";
				ENABLE_STRICT_OBJC_MSGSEND = NO;
				GCC_PRECOMPILE_PREFIX_HEADER = YES;
				GCC_PREFIX_HEADER = YYProjectNew/PrefixHeader.h;
				INFOPLIST_FILE = YYProjectNew/Info.plist;
				IPHONEOS_DEPLOYMENT_TARGET = 8.0;
				LD_RUNPATH_SEARCH_PATHS = "$(inherited) @executable_path/Frameworks";
				PRODUCT_BUNDLE_IDENTIFIER = com.yyh.YYProjectNew;
				PRODUCT_NAME = "$(TARGET_NAME)";
				PROVISIONING_PROFILE_SPECIFIER = "";
				SWIFT_OBJC_BRIDGING_HEADER = "YYProjectNew/Module/SwiftDemo/YYProjectNew-Bridging-Header.h";
				SWIFT_OPTIMIZATION_LEVEL = "-Onone";
				SWIFT_VERSION = 3.0;
				TARGETED_DEVICE_FAMILY = 1;
			};
			name = Debug;
		};
		A0D513EF1F1CB5A400B1BB56 /* Release */ = {
			isa = XCBuildConfiguration;
			baseConfigurationReference = 43A699B2CB370013AA529E7B /* Pods-YYProjectNew.release.xcconfig */;
			buildSettings = {
				ASSETCATALOG_COMPILER_APPICON_NAME = AppIcon;
				CLANG_ENABLE_MODULES = YES;
				CLANG_WARN_OBJC_IMPLICIT_RETAIN_SELF = YES;
				DEVELOPMENT_TEAM = "";
				ENABLE_STRICT_OBJC_MSGSEND = NO;
				GCC_PRECOMPILE_PREFIX_HEADER = YES;
				GCC_PREFIX_HEADER = YYProjectNew/PrefixHeader.h;
				INFOPLIST_FILE = YYProjectNew/Info.plist;
				IPHONEOS_DEPLOYMENT_TARGET = 8.0;
				LD_RUNPATH_SEARCH_PATHS = "$(inherited) @executable_path/Frameworks";
				PRODUCT_BUNDLE_IDENTIFIER = com.yyh.YYProjectNew;
				PRODUCT_NAME = "$(TARGET_NAME)";
				PROVISIONING_PROFILE_SPECIFIER = "";
				SWIFT_OBJC_BRIDGING_HEADER = "YYProjectNew/Module/SwiftDemo/YYProjectNew-Bridging-Header.h";
				SWIFT_VERSION = 3.0;
				TARGETED_DEVICE_FAMILY = 1;
			};
			name = Release;
		};
		A0D513F11F1CB5A400B1BB56 /* Debug */ = {
			isa = XCBuildConfiguration;
			buildSettings = {
				ALWAYS_EMBED_SWIFT_STANDARD_LIBRARIES = YES;
				BUNDLE_LOADER = "$(TEST_HOST)";
				INFOPLIST_FILE = YYProjectNewTests/Info.plist;
				LD_RUNPATH_SEARCH_PATHS = "$(inherited) @executable_path/Frameworks @loader_path/Frameworks";
				PRODUCT_BUNDLE_IDENTIFIER = com.yyh.YYProjectNewTests;
				PRODUCT_NAME = "$(TARGET_NAME)";
				TEST_HOST = "$(BUILT_PRODUCTS_DIR)/YYProjectNew.app/YYProjectNew";
			};
			name = Debug;
		};
		A0D513F21F1CB5A400B1BB56 /* Release */ = {
			isa = XCBuildConfiguration;
			buildSettings = {
				ALWAYS_EMBED_SWIFT_STANDARD_LIBRARIES = YES;
				BUNDLE_LOADER = "$(TEST_HOST)";
				INFOPLIST_FILE = YYProjectNewTests/Info.plist;
				LD_RUNPATH_SEARCH_PATHS = "$(inherited) @executable_path/Frameworks @loader_path/Frameworks";
				PRODUCT_BUNDLE_IDENTIFIER = com.yyh.YYProjectNewTests;
				PRODUCT_NAME = "$(TARGET_NAME)";
				TEST_HOST = "$(BUILT_PRODUCTS_DIR)/YYProjectNew.app/YYProjectNew";
			};
			name = Release;
		};
		A0D513F41F1CB5A400B1BB56 /* Debug */ = {
			isa = XCBuildConfiguration;
			buildSettings = {
				ALWAYS_EMBED_SWIFT_STANDARD_LIBRARIES = YES;
				INFOPLIST_FILE = YYProjectNewUITests/Info.plist;
				LD_RUNPATH_SEARCH_PATHS = "$(inherited) @executable_path/Frameworks @loader_path/Frameworks";
				PRODUCT_BUNDLE_IDENTIFIER = com.yyh.YYProjectNewUITests;
				PRODUCT_NAME = "$(TARGET_NAME)";
				TEST_TARGET_NAME = YYProjectNew;
			};
			name = Debug;
		};
		A0D513F51F1CB5A400B1BB56 /* Release */ = {
			isa = XCBuildConfiguration;
			buildSettings = {
				ALWAYS_EMBED_SWIFT_STANDARD_LIBRARIES = YES;
				INFOPLIST_FILE = YYProjectNewUITests/Info.plist;
				LD_RUNPATH_SEARCH_PATHS = "$(inherited) @executable_path/Frameworks @loader_path/Frameworks";
				PRODUCT_BUNDLE_IDENTIFIER = com.yyh.YYProjectNewUITests;
				PRODUCT_NAME = "$(TARGET_NAME)";
				TEST_TARGET_NAME = YYProjectNew;
			};
			name = Release;
		};
/* End XCBuildConfiguration section */

/* Begin XCConfigurationList section */
		A0D513BB1F1CB5A300B1BB56 /* Build configuration list for PBXProject "YYProjectNew" */ = {
			isa = XCConfigurationList;
			buildConfigurations = (
				A0D513EB1F1CB5A400B1BB56 /* Debug */,
				A0D513EC1F1CB5A400B1BB56 /* Release */,
			);
			defaultConfigurationIsVisible = 0;
			defaultConfigurationName = Release;
		};
		A0D513ED1F1CB5A400B1BB56 /* Build configuration list for PBXNativeTarget "YYProjectNew" */ = {
			isa = XCConfigurationList;
			buildConfigurations = (
				A0D513EE1F1CB5A400B1BB56 /* Debug */,
				A0D513EF1F1CB5A400B1BB56 /* Release */,
			);
			defaultConfigurationIsVisible = 0;
			defaultConfigurationName = Release;
		};
		A0D513F01F1CB5A400B1BB56 /* Build configuration list for PBXNativeTarget "YYProjectNewTests" */ = {
			isa = XCConfigurationList;
			buildConfigurations = (
				A0D513F11F1CB5A400B1BB56 /* Debug */,
				A0D513F21F1CB5A400B1BB56 /* Release */,
			);
			defaultConfigurationIsVisible = 0;
			defaultConfigurationName = Release;
		};
		A0D513F31F1CB5A400B1BB56 /* Build configuration list for PBXNativeTarget "YYProjectNewUITests" */ = {
			isa = XCConfigurationList;
			buildConfigurations = (
				A0D513F41F1CB5A400B1BB56 /* Debug */,
				A0D513F51F1CB5A400B1BB56 /* Release */,
			);
			defaultConfigurationIsVisible = 0;
			defaultConfigurationName = Release;
		};
/* End XCConfigurationList section */
	};
	rootObject = A0D513B81F1CB5A300B1BB56 /* Project object */;
}
